// !$*UTF8*$!
{
	archiveVersion = 1;
	classes = {
	};
	objectVersion = 56;
	objects = {

/* Begin PBXBuildFile section */
		9D7F9C5A2BBD8BC3005A465E /* HitMeApp.swift in Sources */ = {isa = PBXBuildFile; fileRef = 9D7F9C592BBD8BC3005A465E /* HitMeApp.swift */; };
		9D7F9C5C2BBD8BC3005A465E /* MainView.swift in Sources */ = {isa = PBXBuildFile; fileRef = 9D7F9C5B2BBD8BC3005A465E /* MainView.swift */; };
		9D7F9C5E2BBD8BC7005A465E /* Assets.xcassets in Resources */ = {isa = PBXBuildFile; fileRef = 9D7F9C5D2BBD8BC7005A465E /* Assets.xcassets */; };
		9D7F9C612BBD8BC7005A465E /* Preview Assets.xcassets in Resources */ = {isa = PBXBuildFile; fileRef = 9D7F9C602BBD8BC7005A465E /* Preview Assets.xcassets */; };
		9D7F9C6F2BBDB2A4005A465E /* MainViewModel.swift in Sources */ = {isa = PBXBuildFile; fileRef = 9D7F9C6E2BBDB2A4005A465E /* MainViewModel.swift */; };
		9D7F9C722BBDB709005A465E /* CustomButtonStyle.swift in Sources */ = {isa = PBXBuildFile; fileRef = 9D7F9C712BBDB709005A465E /* CustomButtonStyle.swift */; };
		9D7F9C752BBDB767005A465E /* ButtonExtension.swift in Sources */ = {isa = PBXBuildFile; fileRef = 9D7F9C742BBDB767005A465E /* ButtonExtension.swift */; };
		9D7F9C772BBDB872005A465E /* UISize.swift in Sources */ = {isa = PBXBuildFile; fileRef = 9D7F9C762BBDB872005A465E /* UISize.swift */; };
/* End PBXBuildFile section */

/* Begin PBXFileReference section */
		9D7F9C562BBD8BC3005A465E /* HitMeApp.app */ = {isa = PBXFileReference; explicitFileType = wrapper.application; includeInIndex = 0; path = HitMeApp.app; sourceTree = BUILT_PRODUCTS_DIR; };
		9D7F9C592BBD8BC3005A465E /* HitMeApp.swift */ = {isa = PBXFileReference; lastKnownFileType = sourcecode.swift; path = HitMeApp.swift; sourceTree = "<group>"; };
		9D7F9C5B2BBD8BC3005A465E /* MainView.swift */ = {isa = PBXFileReference; lastKnownFileType = sourcecode.swift; path = MainView.swift; sourceTree = "<group>"; };
		9D7F9C5D2BBD8BC7005A465E /* Assets.xcassets */ = {isa = PBXFileReference; lastKnownFileType = folder.assetcatalog; path = Assets.xcassets; sourceTree = "<group>"; };
		9D7F9C602BBD8BC7005A465E /* Preview Assets.xcassets */ = {isa = PBXFileReference; lastKnownFileType = folder.assetcatalog; path = "Preview Assets.xcassets"; sourceTree = "<group>"; };
		9D7F9C6E2BBDB2A4005A465E /* MainViewModel.swift */ = {isa = PBXFileReference; lastKnownFileType = sourcecode.swift; path = MainViewModel.swift; sourceTree = "<group>"; };
		9D7F9C712BBDB709005A465E /* CustomButtonStyle.swift */ = {isa = PBXFileReference; lastKnownFileType = sourcecode.swift; path = CustomButtonStyle.swift; sourceTree = "<group>"; };
		9D7F9C742BBDB767005A465E /* ButtonExtension.swift */ = {isa = PBXFileReference; lastKnownFileType = sourcecode.swift; path = ButtonExtension.swift; sourceTree = "<group>"; };
		9D7F9C762BBDB872005A465E /* UISize.swift */ = {isa = PBXFileReference; lastKnownFileType = sourcecode.swift; path = UISize.swift; sourceTree = "<group>"; };
/* End PBXFileReference section */

/* Begin PBXFrameworksBuildPhase section */
		9D7F9C532BBD8BC3005A465E /* Frameworks */ = {
			isa = PBXFrameworksBuildPhase;
			buildActionMask = 2147483647;
			files = (
			);
			runOnlyForDeploymentPostprocessing = 0;
		};
/* End PBXFrameworksBuildPhase section */

/* Begin PBXGroup section */
		9D7F9C4D2BBD8BC3005A465E = {
			isa = PBXGroup;
			children = (
				9D7F9C582BBD8BC3005A465E /* HitMeApp */,
				9D7F9C572BBD8BC3005A465E /* Products */,
			);
			sourceTree = "<group>";
		};
		9D7F9C572BBD8BC3005A465E /* Products */ = {
			isa = PBXGroup;
			children = (
				9D7F9C562BBD8BC3005A465E /* HitMeApp.app */,
			);
			name = Products;
			sourceTree = "<group>";
		};
		9D7F9C582BBD8BC3005A465E /* HitMeApp */ = {
			isa = PBXGroup;
			children = (
				9D7F9C592BBD8BC3005A465E /* HitMeApp.swift */,
				9D7F9C5B2BBD8BC3005A465E /* MainView.swift */,
				9D7F9C6E2BBDB2A4005A465E /* MainViewModel.swift */,
				9D7F9C702BBDB6EA005A465E /* Supports */,
				9D7F9C5D2BBD8BC7005A465E /* Assets.xcassets */,
				9D7F9C5F2BBD8BC7005A465E /* Preview Content */,
			);
			path = HitMeApp;
			sourceTree = "<group>";
		};
		9D7F9C5F2BBD8BC7005A465E /* Preview Content */ = {
			isa = PBXGroup;
			children = (
				9D7F9C602BBD8BC7005A465E /* Preview Assets.xcassets */,
			);
			path = "Preview Content";
			sourceTree = "<group>";
		};
		9D7F9C702BBDB6EA005A465E /* Supports */ = {
			isa = PBXGroup;
			children = (
				9D7F9C732BBDB750005A465E /* Button */,
				9D7F9C762BBDB872005A465E /* UISize.swift */,
			);
			path = Supports;
			sourceTree = "<group>";
		};
		9D7F9C732BBDB750005A465E /* Button */ = {
			isa = PBXGroup;
			children = (
				9D7F9C712BBDB709005A465E /* CustomButtonStyle.swift */,
				9D7F9C742BBDB767005A465E /* ButtonExtension.swift */,
			);
			path = Button;
			sourceTree = "<group>";
		};
/* End PBXGroup section */

/* Begin PBXNativeTarget section */
		9D7F9C552BBD8BC3005A465E /* HitMeApp */ = {
			isa = PBXNativeTarget;
			buildConfigurationList = 9D7F9C642BBD8BC7005A465E /* Build configuration list for PBXNativeTarget "HitMeApp" */;
			buildPhases = (
				9D7F9C522BBD8BC3005A465E /* Sources */,
				9D7F9C532BBD8BC3005A465E /* Frameworks */,
				9D7F9C542BBD8BC3005A465E /* Resources */,
			);
			buildRules = (
			);
			dependencies = (
			);
			name = HitMeApp;
			productName = HitMeApp;
			productReference = 9D7F9C562BBD8BC3005A465E /* HitMeApp.app */;
			productType = "com.apple.product-type.application";
		};
/* End PBXNativeTarget section */

/* Begin PBXProject section */
		9D7F9C4E2BBD8BC3005A465E /* Project object */ = {
			isa = PBXProject;
			attributes = {
				BuildIndependentTargetsInParallel = 1;
				LastSwiftUpdateCheck = 1500;
				LastUpgradeCheck = 1500;
				TargetAttributes = {
					9D7F9C552BBD8BC3005A465E = {
						CreatedOnToolsVersion = 15.0;
					};
				};
			};
			buildConfigurationList = 9D7F9C512BBD8BC3005A465E /* Build configuration list for PBXProject "HitMeApp" */;
			compatibilityVersion = "Xcode 14.0";
			developmentRegion = en;
			hasScannedForEncodings = 0;
			knownRegions = (
				en,
				Base,
			);
			mainGroup = 9D7F9C4D2BBD8BC3005A465E;
			productRefGroup = 9D7F9C572BBD8BC3005A465E /* Products */;
			projectDirPath = "";
			projectRoot = "";
			targets = (
				9D7F9C552BBD8BC3005A465E /* HitMeApp */,
			);
		};
/* End PBXProject section */

/* Begin PBXResourcesBuildPhase section */
		9D7F9C542BBD8BC3005A465E /* Resources */ = {
			isa = PBXResourcesBuildPhase;
			buildActionMask = 2147483647;
			files = (
				9D7F9C612BBD8BC7005A465E /* Preview Assets.xcassets in Resources */,
				9D7F9C5E2BBD8BC7005A465E /* Assets.xcassets in Resources */,
			);
			runOnlyForDeploymentPostprocessing = 0;
		};
/* End PBXResourcesBuildPhase section */

/* Begin PBXSourcesBuildPhase section */
		9D7F9C522BBD8BC3005A465E /* Sources */ = {
			isa = PBXSourcesBuildPhase;
			buildActionMask = 2147483647;
			files = (
				9D7F9C5C2BBD8BC3005A465E /* MainView.swift in Sources */,
				9D7F9C722BBDB709005A465E /* CustomButtonStyle.swift in Sources */,
				9D7F9C772BBDB872005A465E /* UISize.swift in Sources */,
				9D7F9C752BBDB767005A465E /* ButtonExtension.swift in Sources */,
				9D7F9C5A2BBD8BC3005A465E /* HitMeApp.swift in Sources */,
				9D7F9C6F2BBDB2A4005A465E /* MainViewModel.swift in Sources */,
			);
			runOnlyForDeploymentPostprocessing = 0;
		};
/* End PBXSourcesBuildPhase section */

/* Begin XCBuildConfiguration section */
		9D7F9C622BBD8BC7005A465E /* Debug */ = {
			isa = XCBuildConfiguration;
			buildSettings = {
				ALWAYS_SEARCH_USER_PATHS = NO;
				ASSETCATALOG_COMPILER_GENERATE_SWIFT_ASSET_SYMBOL_EXTENSIONS = YES;
				CLANG_ANALYZER_NONNULL = YES;
				CLANG_ANALYZER_NUMBER_OBJECT_CONVERSION = YES_AGGRESSIVE;
				CLANG_CXX_LANGUAGE_STANDARD = "gnu++20";
				CLANG_ENABLE_MODULES = YES;
				CLANG_ENABLE_OBJC_ARC = YES;
				CLANG_ENABLE_OBJC_WEAK = YES;
				CLANG_WARN_BLOCK_CAPTURE_AUTORELEASING = YES;
				CLANG_WARN_BOOL_CONVERSION = YES;
				CLANG_WARN_COMMA = YES;
				CLANG_WARN_CONSTANT_CONVERSION = YES;
				CLANG_WARN_DEPRECATED_OBJC_IMPLEMENTATIONS = YES;
				CLANG_WARN_DIRECT_OBJC_ISA_USAGE = YES_ERROR;
				CLANG_WARN_DOCUMENTATION_COMMENTS = YES;
				CLANG_WARN_EMPTY_BODY = YES;
				CLANG_WARN_ENUM_CONVERSION = YES;
				CLANG_WARN_INFINITE_RECURSION = YES;
				CLANG_WARN_INT_CONVERSION = YES;
				CLANG_WARN_NON_LITERAL_NULL_CONVERSION = YES;
				CLANG_WARN_OBJC_IMPLICIT_RETAIN_SELF = YES;
				CLANG_WARN_OBJC_LITERAL_CONVERSION = YES;
				CLANG_WARN_OBJC_ROOT_CLASS = YES_ERROR;
				CLANG_WARN_QUOTED_INCLUDE_IN_FRAMEWORK_HEADER = YES;
				CLANG_WARN_RANGE_LOOP_ANALYSIS = YES;
				CLANG_WARN_STRICT_PROTOTYPES = YES;
				CLANG_WARN_SUSPICIOUS_MOVE = YES;
				CLANG_WARN_UNGUARDED_AVAILABILITY = YES_AGGRESSIVE;
				CLANG_WARN_UNREACHABLE_CODE = YES;
				CLANG_WARN__DUPLICATE_METHOD_MATCH = YES;
				COPY_PHASE_STRIP = NO;
				DEBUG_INFORMATION_FORMAT = dwarf;
				ENABLE_STRICT_OBJC_MSGSEND = YES;
				ENABLE_TESTABILITY = YES;
				ENABLE_USER_SCRIPT_SANDBOXING = YES;
				GCC_C_LANGUAGE_STANDARD = gnu17;
				GCC_DYNAMIC_NO_PIC = NO;
				GCC_NO_COMMON_BLOCKS = YES;
				GCC_OPTIMIZATION_LEVEL = 0;
				GCC_PREPROCESSOR_DEFINITIONS = (
					"DEBUG=1",
					"$(inherited)",
				);
				GCC_WARN_64_TO_32_BIT_CONVERSION = YES;
				GCC_WARN_ABOUT_RETURN_TYPE = YES_ERROR;
				GCC_WARN_UNDECLARED_SELECTOR = YES;
				GCC_WARN_UNINITIALIZED_AUTOS = YES_AGGRESSIVE;
				GCC_WARN_UNUSED_FUNCTION = YES;
				GCC_WARN_UNUSED_VARIABLE = YES;
				IPHONEOS_DEPLOYMENT_TARGET = 17.0;
				LOCALIZATION_PREFERS_STRING_CATALOGS = YES;
				MTL_ENABLE_DEBUG_INFO = INCLUDE_SOURCE;
				MTL_FAST_MATH = YES;
				ONLY_ACTIVE_ARCH = YES;
				SDKROOT = iphoneos;
				SWIFT_ACTIVE_COMPILATION_CONDITIONS = "DEBUG $(inherited)";
				SWIFT_OPTIMIZATION_LEVEL = "-Onone";
			};
			name = Debug;
		};
		9D7F9C632BBD8BC7005A465E /* Release */ = {
			isa = XCBuildConfiguration;
			buildSettings = {
				ALWAYS_SEARCH_USER_PATHS = NO;
				ASSETCATALOG_COMPILER_GENERATE_SWIFT_ASSET_SYMBOL_EXTENSIONS = YES;
				CLANG_ANALYZER_NONNULL = YES;
				CLANG_ANALYZER_NUMBER_OBJECT_CONVERSION = YES_AGGRESSIVE;
				CLANG_CXX_LANGUAGE_STANDARD = "gnu++20";
				CLANG_ENABLE_MODULES = YES;
				CLANG_ENABLE_OBJC_ARC = YES;
				CLANG_ENABLE_OBJC_WEAK = YES;
				CLANG_WARN_BLOCK_CAPTURE_AUTORELEASING = YES;
				CLANG_WARN_BOOL_CONVERSION = YES;
				CLANG_WARN_COMMA = YES;
				CLANG_WARN_CONSTANT_CONVERSION = YES;
				CLANG_WARN_DEPRECATED_OBJC_IMPLEMENTATIONS = YES;
				CLANG_WARN_DIRECT_OBJC_ISA_USAGE = YES_ERROR;
				CLANG_WARN_DOCUMENTATION_COMMENTS = YES;
				CLANG_WARN_EMPTY_BODY = YES;
				CLANG_WARN_ENUM_CONVERSION = YES;
				CLANG_WARN_INFINITE_RECURSION = YES;
				CLANG_WARN_INT_CONVERSION = YES;
				CLANG_WARN_NON_LITERAL_NULL_CONVERSION = YES;
				CLANG_WARN_OBJC_IMPLICIT_RETAIN_SELF = YES;
				CLANG_WARN_OBJC_LITERAL_CONVERSION = YES;
				CLANG_WARN_OBJC_ROOT_CLASS = YES_ERROR;
				CLANG_WARN_QUOTED_INCLUDE_IN_FRAMEWORK_HEADER = YES;
				CLANG_WARN_RANGE_LOOP_ANALYSIS = YES;
				CLANG_WARN_STRICT_PROTOTYPES = YES;
				CLANG_WARN_SUSPICIOUS_MOVE = YES;
				CLANG_WARN_UNGUARDED_AVAILABILITY = YES_AGGRESSIVE;
				CLANG_WARN_UNREACHABLE_CODE = YES;
				CLANG_WARN__DUPLICATE_METHOD_MATCH = YES;
				COPY_PHASE_STRIP = NO;
				DEBUG_INFORMATION_FORMAT = "dwarf-with-dsym";
				ENABLE_NS_ASSERTIONS = NO;
				ENABLE_STRICT_OBJC_MSGSEND = YES;
				ENABLE_USER_SCRIPT_SANDBOXING = YES;
				GCC_C_LANGUAGE_STANDARD = gnu17;
				GCC_NO_COMMON_BLOCKS = YES;
				GCC_WARN_64_TO_32_BIT_CONVERSION = YES;
				GCC_WARN_ABOUT_RETURN_TYPE = YES_ERROR;
				GCC_WARN_UNDECLARED_SELECTOR = YES;
				GCC_WARN_UNINITIALIZED_AUTOS = YES_AGGRESSIVE;
				GCC_WARN_UNUSED_FUNCTION = YES;
				GCC_WARN_UNUSED_VARIABLE = YES;
				IPHONEOS_DEPLOYMENT_TARGET = 17.0;
				LOCALIZATION_PREFERS_STRING_CATALOGS = YES;
				MTL_ENABLE_DEBUG_INFO = NO;
				MTL_FAST_MATH = YES;
				SDKROOT = iphoneos;
				SWIFT_COMPILATION_MODE = wholemodule;
				VALIDATE_PRODUCT = YES;
			};
			name = Release;
		};
		9D7F9C652BBD8BC7005A465E /* Debug */ = {
			isa = XCBuildConfiguration;
			buildSettings = {
				ASSETCATALOG_COMPILER_APPICON_NAME = AppIcon;
				ASSETCATALOG_COMPILER_GLOBAL_ACCENT_COLOR_NAME = AccentColor;
				CODE_SIGN_STYLE = Automatic;
				CURRENT_PROJECT_VERSION = 1;
				DEVELOPMENT_ASSET_PATHS = "\"HitMeApp/Preview Content\"";
				DEVELOPMENT_TEAM = C3777FY22U;
				ENABLE_PREVIEWS = YES;
				GENERATE_INFOPLIST_FILE = YES;
				INFOPLIST_KEY_UIApplicationSceneManifest_Generation = YES;
				INFOPLIST_KEY_UIApplicationSupportsIndirectInputEvents = YES;
				INFOPLIST_KEY_UILaunchScreen_Generation = YES;
				INFOPLIST_KEY_UISupportedInterfaceOrientations_iPad = "UIInterfaceOrientationPortrait UIInterfaceOrientationPortraitUpsideDown UIInterfaceOrientationLandscapeLeft UIInterfaceOrientationLandscapeRight";
				INFOPLIST_KEY_UISupportedInterfaceOrientations_iPhone = "UIInterfaceOrientationPortrait UIInterfaceOrientationLandscapeLeft UIInterfaceOrientationLandscapeRight";
				LD_RUNPATH_SEARCH_PATHS = (
					"$(inherited)",
					"@executable_path/Frameworks",
				);
				MARKETING_VERSION = 1.0;
				PRODUCT_BUNDLE_IDENTIFIER = "maxim-badanov.HitMeApp";
				PRODUCT_NAME = "$(TARGET_NAME)";
				SWIFT_EMIT_LOC_STRINGS = YES;
				SWIFT_VERSION = 5.0;
				TARGETED_DEVICE_FAMILY = "1,2";
			};
			name = Debug;
		};
		9D7F9C662BBD8BC7005A465E /* Release */ = {
			isa = XCBuildConfiguration;
			buildSettings = {
				ASSETCATALOG_COMPILER_APPICON_NAME = AppIcon;
				ASSETCATALOG_COMPILER_GLOBAL_ACCENT_COLOR_NAME = AccentColor;
				CODE_SIGN_STYLE = Automatic;
				CURRENT_PROJECT_VERSION = 1;
				DEVELOPMENT_ASSET_PATHS = "\"HitMeApp/Preview Content\"";
				DEVELOPMENT_TEAM = C3777FY22U;
				ENABLE_PREVIEWS = YES;
				GENERATE_INFOPLIST_FILE = YES;
				INFOPLIST_KEY_UIApplicationSceneManifest_Generation = YES;
				INFOPLIST_KEY_UIApplicationSupportsIndirectInputEvents = YES;
				INFOPLIST_KEY_UILaunchScreen_Generation = YES;
				INFOPLIST_KEY_UISupportedInterfaceOrientations_iPad = "UIInterfaceOrientationPortrait UIInterfaceOrientationPortraitUpsideDown UIInterfaceOrientationLandscapeLeft UIInterfaceOrientationLandscapeRight";
				INFOPLIST_KEY_UISupportedInterfaceOrientations_iPhone = "UIInterfaceOrientationPortrait UIInterfaceOrientationLandscapeLeft UIInterfaceOrientationLandscapeRight";
				LD_RUNPATH_SEARCH_PATHS = (
					"$(inherited)",
					"@executable_path/Frameworks",
				);
				MARKETING_VERSION = 1.0;
				PRODUCT_BUNDLE_IDENTIFIER = "maxim-badanov.HitMeApp";
				PRODUCT_NAME = "$(TARGET_NAME)";
				SWIFT_EMIT_LOC_STRINGS = YES;
				SWIFT_VERSION = 5.0;
				TARGETED_DEVICE_FAMILY = "1,2";
			};
			name = Release;
		};
/* End XCBuildConfiguration section */

/* Begin XCConfigurationList section */
		9D7F9C512BBD8BC3005A465E /* Build configuration list for PBXProject "HitMeApp" */ = {
			isa = XCConfigurationList;
			buildConfigurations = (
				9D7F9C622BBD8BC7005A465E /* Debug */,
				9D7F9C632BBD8BC7005A465E /* Release */,
			);
			defaultConfigurationIsVisible = 0;
			defaultConfigurationName = Release;
		};
		9D7F9C642BBD8BC7005A465E /* Build configuration list for PBXNativeTarget "HitMeApp" */ = {
			isa = XCConfigurationList;
			buildConfigurations = (
				9D7F9C652BBD8BC7005A465E /* Debug */,
				9D7F9C662BBD8BC7005A465E /* Release */,
			);
			defaultConfigurationIsVisible = 0;
			defaultConfigurationName = Release;
		};
/* End XCConfigurationList section */
	};
	rootObject = 9D7F9C4E2BBD8BC3005A465E /* Project object */;
}
